
Microsoft Visual Studio Solution File, Format Version 12.00
# Visual Studio Version 17
VisualStudioVersion = 17.4.33122.133
MinimumVisualStudioVersion = 10.0.40219.1
Project("{9A19103F-16F7-4668-BE54-9A1E7A4F7556}") = "FirstProgram", "FirstProgram\FirstProgram.csproj", "{3767E869-CB18-4651-9B0E-A2930DAF6BB0}"
EndProject
Project("{9A19103F-16F7-4668-BE54-9A1E7A4F7556}") = "Variable", "Variable\Variable.csproj", "{CFF91765-71E0-45C8-9829-56A2E20101C7}"
EndProject
Project("{9A19103F-16F7-4668-BE54-9A1E7A4F7556}") = "Method", "Method\Method.csproj", "{204741DF-4FED-40C0-B372-653DBD4F0450}"
EndProject
Project("{9A19103F-16F7-4668-BE54-9A1E7A4F7556}") = "ClassObjectInstance", "ClassObjectinstance\ClassObjectInstance.csproj", "{B44AD65C-5A49-4F8B-AF3B-0707E1556996}"
EndProject
Project("{9A19103F-16F7-4668-BE54-9A1E7A4F7556}") = "ClassExample", "ClassExample\ClassExample.csproj", "{D3A0A428-AE43-4964-9FF3-4EA6A2CF555A}"
EndProject
Project("{9A19103F-16F7-4668-BE54-9A1E7A4F7556}") = "IfStatement", "IfStatement\IfStatement.csproj", "{12F59E96-E37E-4D8F-A6F5-2C5041201BE0}"
EndProject
Project("{9A19103F-16F7-4668-BE54-9A1E7A4F7556}") = "Operators", "Operators\Operators.csproj", "{5FED5E24-A023-4105-A27C-44AC489993B4}"
EndProject
Project("{9A19103F-16F7-4668-BE54-9A1E7A4F7556}") = "Array", "Array\Array.csproj", "{10A31CC4-BC9D-4D66-A5C5-98F620EFCF1D}"
EndProject
Project("{9A19103F-16F7-4668-BE54-9A1E7A4F7556}") = "LoopStatements", "LoopStatements\LoopStatements.csproj", "{C0D97824-4525-4D0B-AF2D-07F7AC0D6861}"
EndProject
Project("{FAE04EC0-301F-11D3-BF4B-00C04F79EFBC}") = "Array2D", "Array2D\Array2D.csproj", "{446F024A-7788-4DCE-9E2D-D3FF506A250B}"
EndProject
Global
	GlobalSection(SolutionConfigurationPlatforms) = preSolution
		Debug|Any CPU = Debug|Any CPU
		Release|Any CPU = Release|Any CPU
	EndGlobalSection
	GlobalSection(ProjectConfigurationPlatforms) = postSolution
		{3767E869-CB18-4651-9B0E-A2930DAF6BB0}.Debug|Any CPU.ActiveCfg = Debug|Any CPU
		{3767E869-CB18-4651-9B0E-A2930DAF6BB0}.Debug|Any CPU.Build.0 = Debug|Any CPU
		{3767E869-CB18-4651-9B0E-A2930DAF6BB0}.Release|Any CPU.ActiveCfg = Release|Any CPU
		{3767E869-CB18-4651-9B0E-A2930DAF6BB0}.Release|Any CPU.Build.0 = Release|Any CPU
		{CFF91765-71E0-45C8-9829-56A2E20101C7}.Debug|Any CPU.ActiveCfg = Debug|Any CPU
		{CFF91765-71E0-45C8-9829-56A2E20101C7}.Debug|Any CPU.Build.0 = Debug|Any CPU
		{CFF91765-71E0-45C8-9829-56A2E20101C7}.Release|Any CPU.ActiveCfg = Release|Any CPU
		{CFF91765-71E0-45C8-9829-56A2E20101C7}.Release|Any CPU.Build.0 = Release|Any CPU
		{204741DF-4FED-40C0-B372-653DBD4F0450}.Debug|Any CPU.ActiveCfg = Debug|Any CPU
		{204741DF-4FED-40C0-B372-653DBD4F0450}.Debug|Any CPU.Build.0 = Debug|Any CPU
		{204741DF-4FED-40C0-B372-653DBD4F0450}.Release|Any CPU.ActiveCfg = Release|Any CPU
		{204741DF-4FED-40C0-B372-653DBD4F0450}.Release|Any CPU.Build.0 = Release|Any CPU
		{B44AD65C-5A49-4F8B-AF3B-0707E1556996}.Debug|Any CPU.ActiveCfg = Debug|Any CPU
		{B44AD65C-5A49-4F8B-AF3B-0707E1556996}.Debug|Any CPU.Build.0 = Debug|Any CPU
		{B44AD65C-5A49-4F8B-AF3B-0707E1556996}.Release|Any CPU.ActiveCfg = Release|Any CPU
		{B44AD65C-5A49-4F8B-AF3B-0707E1556996}.Release|Any CPU.Build.0 = Release|Any CPU
		{D3A0A428-AE43-4964-9FF3-4EA6A2CF555A}.Debug|Any CPU.ActiveCfg = Debug|Any CPU
		{D3A0A428-AE43-4964-9FF3-4EA6A2CF555A}.Debug|Any CPU.Build.0 = Debug|Any CPU
		{D3A0A428-AE43-4964-9FF3-4EA6A2CF555A}.Release|Any CPU.ActiveCfg = Release|Any CPU
		{D3A0A428-AE43-4964-9FF3-4EA6A2CF555A}.Release|Any CPU.Build.0 = Release|Any CPU
		{12F59E96-E37E-4D8F-A6F5-2C5041201BE0}.Debug|Any CPU.ActiveCfg = Debug|Any CPU
		{12F59E96-E37E-4D8F-A6F5-2C5041201BE0}.Debug|Any CPU.Build.0 = Debug|Any CPU
		{12F59E96-E37E-4D8F-A6F5-2C5041201BE0}.Release|Any CPU.ActiveCfg = Release|Any CPU
		{12F59E96-E37E-4D8F-A6F5-2C5041201BE0}.Release|Any CPU.Build.0 = Release|Any CPU
		{5FED5E24-A023-4105-A27C-44AC489993B4}.Debug|Any CPU.ActiveCfg = Debug|Any CPU
		{5FED5E24-A023-4105-A27C-44AC489993B4}.Debug|Any CPU.Build.0 = Debug|Any CPU
		{5FED5E24-A023-4105-A27C-44AC489993B4}.Release|Any CPU.ActiveCfg = Release|Any CPU
		{5FED5E24-A023-4105-A27C-44AC489993B4}.Release|Any CPU.Build.0 = Release|Any CPU
		{10A31CC4-BC9D-4D66-A5C5-98F620EFCF1D}.Debug|Any CPU.ActiveCfg = Debug|Any CPU
		{10A31CC4-BC9D-4D66-A5C5-98F620EFCF1D}.Debug|Any CPU.Build.0 = Debug|Any CPU
		{10A31CC4-BC9D-4D66-A5C5-98F620EFCF1D}.Release|Any CPU.ActiveCfg = Release|Any CPU
		{10A31CC4-BC9D-4D66-A5C5-98F620EFCF1D}.Release|Any CPU.Build.0 = Release|Any CPU
		{C0D97824-4525-4D0B-AF2D-07F7AC0D6861}.Debug|Any CPU.ActiveCfg = Debug|Any CPU
		{C0D97824-4525-4D0B-AF2D-07F7AC0D6861}.Debug|Any CPU.Build.0 = Debug|Any CPU
		{C0D97824-4525-4D0B-AF2D-07F7AC0D6861}.Release|Any CPU.ActiveCfg = Release|Any CPU
		{C0D97824-4525-4D0B-AF2D-07F7AC0D6861}.Release|Any CPU.Build.0 = Release|Any CPU
		{446F024A-7788-4DCE-9E2D-D3FF506A250B}.Debug|Any CPU.ActiveCfg = Debug|Any CPU
		{446F024A-7788-4DCE-9E2D-D3FF506A250B}.Debug|Any CPU.Build.0 = Debug|Any CPU
		{446F024A-7788-4DCE-9E2D-D3FF506A250B}.Release|Any CPU.ActiveCfg = Release|Any CPU
		{446F024A-7788-4DCE-9E2D-D3FF506A250B}.Release|Any CPU.Build.0 = Release|Any CPU
	EndGlobalSection
	GlobalSection(SolutionProperties) = preSolution
		HideSolutionNode = FALSE
	EndGlobalSection
	GlobalSection(ExtensibilityGlobals) = postSolution
		SolutionGuid = {0A11086E-EF90-4A0F-81DE-A382EB31FC80}
	EndGlobalSection
EndGlobal
